
Microsoft Visual Studio Solution File, Format Version 12.00
Project("{FAE04EC0-301F-11D3-BF4B-00C04F79EFBC}") = "MbmStore", "MbmStore\MbmStore.csproj", "{BE443623-7641-42D0-9C3E-3304BD44A1FF}"
EndProject
Global
	GlobalSection(SolutionConfigurationPlatforms) = preSolution
		Debug|Any CPU = Debug|Any CPU
		Release|Any CPU = Release|Any CPU
	EndGlobalSection
	GlobalSection(ProjectConfigurationPlatforms) = postSolution
		{BE443623-7641-42D0-9C3E-3304BD44A1FF}.Debug|Any CPU.ActiveCfg = Debug|Any CPU
		{BE443623-7641-42D0-9C3E-3304BD44A1FF}.Debug|Any CPU.Build.0 = Debug|Any CPU
		{BE443623-7641-42D0-9C3E-3304BD44A1FF}.Release|Any CPU.ActiveCfg = Release|Any CPU
		{BE443623-7641-42D0-9C3E-3304BD44A1FF}.Release|Any CPU.Build.0 = Release|Any CPU
	EndGlobalSection
EndGlobal
